
Microsoft Visual Studio Solution File, Format Version 12.00
# Visual Studio 2012
Project("{FAE04EC0-301F-11D3-BF4B-00C04F79EFBC}") = "TeamSauce", "TeamSauce\TeamSauce.csproj", "{D0831508-6B59-4DF6-89D0-4D692358A520}"
EndProject
Project("{2150E333-8FDC-42A3-9474-1A3956D46DE8}") = ".nuget", ".nuget", "{8E650ABF-1A96-4E46-9898-88C519BE7143}"
	ProjectSection(SolutionItems) = preProject
		.nuget\packages.config = .nuget\packages.config
	EndProjectSection
EndProject
Global
	GlobalSection(SolutionConfigurationPlatforms) = preSolution
		Debug|Any CPU = Debug|Any CPU
		Release|Any CPU = Release|Any CPU
	EndGlobalSection
	GlobalSection(ProjectConfigurationPlatforms) = postSolution
		{D0831508-6B59-4DF6-89D0-4D692358A520}.Debug|Any CPU.ActiveCfg = Debug|Any CPU
		{D0831508-6B59-4DF6-89D0-4D692358A520}.Debug|Any CPU.Build.0 = Debug|Any CPU
		{D0831508-6B59-4DF6-89D0-4D692358A520}.Release|Any CPU.ActiveCfg = Release|Any CPU
		{D0831508-6B59-4DF6-89D0-4D692358A520}.Release|Any CPU.Build.0 = Release|Any CPU
	EndGlobalSection
	GlobalSection(SolutionProperties) = preSolution
		HideSolutionNode = FALSE
	EndGlobalSection
EndGlobal
